// !$*UTF8*$!
{
	archiveVersion = 1;
	classes = {
	};
	objectVersion = 46;
	objects = {

/* Begin PBXBuildFile section */
		D1F0F0EE1B0236D500030AE7 /* main.m in Sources */ = {isa = PBXBuildFile; fileRef = D1F0F0ED1B0236D500030AE7 /* main.m */; };
		D1F0F0F11B0236D500030AE7 /* AppDelegate.m in Sources */ = {isa = PBXBuildFile; fileRef = D1F0F0F01B0236D500030AE7 /* AppDelegate.m */; };
		D1F0F0F41B0236D500030AE7 /* Conti_Page.xcdatamodeld in Sources */ = {isa = PBXBuildFile; fileRef = D1F0F0F21B0236D500030AE7 /* Conti_Page.xcdatamodeld */; };
		D1F0F0F71B0236D500030AE7 /* Start.m in Sources */ = {isa = PBXBuildFile; fileRef = D1F0F0F61B0236D500030AE7 /* Start.m */; };
		D1F0F0FA1B0236D500030AE7 /* Main.storyboard in Resources */ = {isa = PBXBuildFile; fileRef = D1F0F0F81B0236D500030AE7 /* Main.storyboard */; };
		D1F0F0FC1B0236D500030AE7 /* Images.xcassets in Resources */ = {isa = PBXBuildFile; fileRef = D1F0F0FB1B0236D500030AE7 /* Images.xcassets */; };
		D1F0F0FF1B0236D500030AE7 /* LaunchScreen.xib in Resources */ = {isa = PBXBuildFile; fileRef = D1F0F0FD1B0236D500030AE7 /* LaunchScreen.xib */; };
		D1F0F10B1B0236D500030AE7 /* Conti_PageTests.m in Sources */ = {isa = PBXBuildFile; fileRef = D1F0F10A1B0236D500030AE7 /* Conti_PageTests.m */; };
		D1F0F1181B0237B600030AE7 /* IntroPages.m in Sources */ = {isa = PBXBuildFile; fileRef = D1F0F1171B0237B600030AE7 /* IntroPages.m */; };
		D1F0F11D1B02403100030AE7 /* Atlas.png in Resources */ = {isa = PBXBuildFile; fileRef = D1F0F11A1B02403100030AE7 /* Atlas.png */; };
		D1F0F11E1B02403100030AE7 /* Chivas.png in Resources */ = {isa = PBXBuildFile; fileRef = D1F0F11B1B02403100030AE7 /* Chivas.png */; };
		D1F0F11F1B02403100030AE7 /* LeonesNegros.png in Resources */ = {isa = PBXBuildFile; fileRef = D1F0F11C1B02403100030AE7 /* LeonesNegros.png */; };
		D1F0F1221B02417A00030AE7 /* Declarations.m in Sources */ = {isa = PBXBuildFile; fileRef = D1F0F1211B02417A00030AE7 /* Declarations.m */; };
/* End PBXBuildFile section */

/* Begin PBXContainerItemProxy section */
		D1F0F1051B0236D500030AE7 /* PBXContainerItemProxy */ = {
			isa = PBXContainerItemProxy;
			containerPortal = D1F0F0E01B0236D500030AE7 /* Project object */;
			proxyType = 1;
			remoteGlobalIDString = D1F0F0E71B0236D500030AE7;
			remoteInfo = "Conti-Page";
		};
/* End PBXContainerItemProxy section */

/* Begin PBXFileReference section */
		D1F0F0E81B0236D500030AE7 /* Conti-Page.app */ = {isa = PBXFileReference; explicitFileType = wrapper.application; includeInIndex = 0; path = "Conti-Page.app"; sourceTree = BUILT_PRODUCTS_DIR; };
		D1F0F0EC1B0236D500030AE7 /* Info.plist */ = {isa = PBXFileReference; lastKnownFileType = text.plist.xml; path = Info.plist; sourceTree = "<group>"; };
		D1F0F0ED1B0236D500030AE7 /* main.m */ = {isa = PBXFileReference; lastKnownFileType = sourcecode.c.objc; path = main.m; sourceTree = "<group>"; };
		D1F0F0EF1B0236D500030AE7 /* AppDelegate.h */ = {isa = PBXFileReference; lastKnownFileType = sourcecode.c.h; path = AppDelegate.h; sourceTree = "<group>"; };
		D1F0F0F01B0236D500030AE7 /* AppDelegate.m */ = {isa = PBXFileReference; lastKnownFileType = sourcecode.c.objc; path = AppDelegate.m; sourceTree = "<group>"; };
		D1F0F0F31B0236D500030AE7 /* Conti_Page.xcdatamodel */ = {isa = PBXFileReference; lastKnownFileType = wrapper.xcdatamodel; path = Conti_Page.xcdatamodel; sourceTree = "<group>"; };
		D1F0F0F51B0236D500030AE7 /* Start.h */ = {isa = PBXFileReference; lastKnownFileType = sourcecode.c.h; path = Start.h; sourceTree = "<group>"; };
		D1F0F0F61B0236D500030AE7 /* Start.m */ = {isa = PBXFileReference; lastKnownFileType = sourcecode.c.objc; path = Start.m; sourceTree = "<group>"; };
		D1F0F0F91B0236D500030AE7 /* Base */ = {isa = PBXFileReference; lastKnownFileType = file.storyboard; name = Base; path = Base.lproj/Main.storyboard; sourceTree = "<group>"; };
		D1F0F0FB1B0236D500030AE7 /* Images.xcassets */ = {isa = PBXFileReference; lastKnownFileType = folder.assetcatalog; path = Images.xcassets; sourceTree = "<group>"; };
		D1F0F0FE1B0236D500030AE7 /* Base */ = {isa = PBXFileReference; lastKnownFileType = file.xib; name = Base; path = Base.lproj/LaunchScreen.xib; sourceTree = "<group>"; };
		D1F0F1041B0236D500030AE7 /* Conti-PageTests.xctest */ = {isa = PBXFileReference; explicitFileType = wrapper.cfbundle; includeInIndex = 0; path = "Conti-PageTests.xctest"; sourceTree = BUILT_PRODUCTS_DIR; };
		D1F0F1091B0236D500030AE7 /* Info.plist */ = {isa = PBXFileReference; lastKnownFileType = text.plist.xml; path = Info.plist; sourceTree = "<group>"; };
		D1F0F10A1B0236D500030AE7 /* Conti_PageTests.m */ = {isa = PBXFileReference; lastKnownFileType = sourcecode.c.objc; path = Conti_PageTests.m; sourceTree = "<group>"; };
		D1F0F1161B0237B600030AE7 /* IntroPages.h */ = {isa = PBXFileReference; fileEncoding = 4; lastKnownFileType = sourcecode.c.h; path = IntroPages.h; sourceTree = "<group>"; };
		D1F0F1171B0237B600030AE7 /* IntroPages.m */ = {isa = PBXFileReference; fileEncoding = 4; lastKnownFileType = sourcecode.c.objc; path = IntroPages.m; sourceTree = "<group>"; };
		D1F0F11A1B02403100030AE7 /* Atlas.png */ = {isa = PBXFileReference; lastKnownFileType = image.png; path = Atlas.png; sourceTree = "<group>"; };
		D1F0F11B1B02403100030AE7 /* Chivas.png */ = {isa = PBXFileReference; lastKnownFileType = image.png; path = Chivas.png; sourceTree = "<group>"; };
		D1F0F11C1B02403100030AE7 /* LeonesNegros.png */ = {isa = PBXFileReference; lastKnownFileType = image.png; path = LeonesNegros.png; sourceTree = "<group>"; };
		D1F0F1201B02417A00030AE7 /* Declarations.h */ = {isa = PBXFileReference; fileEncoding = 4; lastKnownFileType = sourcecode.c.h; path = Declarations.h; sourceTree = "<group>"; };
		D1F0F1211B02417A00030AE7 /* Declarations.m */ = {isa = PBXFileReference; fileEncoding = 4; lastKnownFileType = sourcecode.c.objc; path = Declarations.m; sourceTree = "<group>"; };
/* End PBXFileReference section */

/* Begin PBXFrameworksBuildPhase section */
		D1F0F0E51B0236D500030AE7 /* Frameworks */ = {
			isa = PBXFrameworksBuildPhase;
			buildActionMask = 2147483647;
			files = (
			);
			runOnlyForDeploymentPostprocessing = 0;
		};
		D1F0F1011B0236D500030AE7 /* Frameworks */ = {
			isa = PBXFrameworksBuildPhase;
			buildActionMask = 2147483647;
			files = (
			);
			runOnlyForDeploymentPostprocessing = 0;
		};
/* End PBXFrameworksBuildPhase section */

/* Begin PBXGroup section */
		D1F0F0DF1B0236D500030AE7 = {
			isa = PBXGroup;
			children = (
				D1F0F0EA1B0236D500030AE7 /* Conti-Page */,
				D1F0F1071B0236D500030AE7 /* Conti-PageTests */,
				D1F0F0E91B0236D500030AE7 /* Products */,
			);
			sourceTree = "<group>";
		};
		D1F0F0E91B0236D500030AE7 /* Products */ = {
			isa = PBXGroup;
			children = (
				D1F0F0E81B0236D500030AE7 /* Conti-Page.app */,
				D1F0F1041B0236D500030AE7 /* Conti-PageTests.xctest */,
			);
			name = Products;
			sourceTree = "<group>";
		};
		D1F0F0EA1B0236D500030AE7 /* Conti-Page */ = {
			isa = PBXGroup;
			children = (
				D1F0F1141B0236E600030AE7 /* Main */,
				D1F0F1151B0236F000030AE7 /* Controllers */,
				D1F0F0F81B0236D500030AE7 /* Main.storyboard */,
				D1F0F0FB1B0236D500030AE7 /* Images.xcassets */,
				D1F0F0FD1B0236D500030AE7 /* LaunchScreen.xib */,
				D1F0F0F21B0236D500030AE7 /* Conti_Page.xcdatamodeld */,
				D1F0F1191B02403100030AE7 /* imgs */,
				D1F0F0EB1B0236D500030AE7 /* Supporting Files */,
			);
			path = "Conti-Page";
			sourceTree = "<group>";
		};
		D1F0F0EB1B0236D500030AE7 /* Supporting Files */ = {
			isa = PBXGroup;
			children = (
				D1F0F0EC1B0236D500030AE7 /* Info.plist */,
				D1F0F0ED1B0236D500030AE7 /* main.m */,
			);
			name = "Supporting Files";
			sourceTree = "<group>";
		};
		D1F0F1071B0236D500030AE7 /* Conti-PageTests */ = {
			isa = PBXGroup;
			children = (
				D1F0F10A1B0236D500030AE7 /* Conti_PageTests.m */,
				D1F0F1081B0236D500030AE7 /* Supporting Files */,
			);
			path = "Conti-PageTests";
			sourceTree = "<group>";
		};
		D1F0F1081B0236D500030AE7 /* Supporting Files */ = {
			isa = PBXGroup;
			children = (
				D1F0F1091B0236D500030AE7 /* Info.plist */,
			);
			name = "Supporting Files";
			sourceTree = "<group>";
		};
		D1F0F1141B0236E600030AE7 /* Main */ = {
			isa = PBXGroup;
			children = (
				D1F0F1201B02417A00030AE7 /* Declarations.h */,
				D1F0F1211B02417A00030AE7 /* Declarations.m */,
				D1F0F0EF1B0236D500030AE7 /* AppDelegate.h */,
				D1F0F0F01B0236D500030AE7 /* AppDelegate.m */,
			);
			name = Main;
			sourceTree = "<group>";
		};
		D1F0F1151B0236F000030AE7 /* Controllers */ = {
			isa = PBXGroup;
			children = (
				D1F0F0F51B0236D500030AE7 /* Start.h */,
				D1F0F0F61B0236D500030AE7 /* Start.m */,
				D1F0F1161B0237B600030AE7 /* IntroPages.h */,
				D1F0F1171B0237B600030AE7 /* IntroPages.m */,
			);
			name = Controllers;
			sourceTree = "<group>";
		};
		D1F0F1191B02403100030AE7 /* imgs */ = {
			isa = PBXGroup;
			children = (
				D1F0F11A1B02403100030AE7 /* Atlas.png */,
				D1F0F11B1B02403100030AE7 /* Chivas.png */,
				D1F0F11C1B02403100030AE7 /* LeonesNegros.png */,
			);
			path = imgs;
			sourceTree = "<group>";
		};
/* End PBXGroup section */

/* Begin PBXNativeTarget section */
		D1F0F0E71B0236D500030AE7 /* Conti-Page */ = {
			isa = PBXNativeTarget;
			buildConfigurationList = D1F0F10E1B0236D500030AE7 /* Build configuration list for PBXNativeTarget "Conti-Page" */;
			buildPhases = (
				D1F0F0E41B0236D500030AE7 /* Sources */,
				D1F0F0E51B0236D500030AE7 /* Frameworks */,
				D1F0F0E61B0236D500030AE7 /* Resources */,
			);
			buildRules = (
			);
			dependencies = (
			);
			name = "Conti-Page";
			productName = "Conti-Page";
			productReference = D1F0F0E81B0236D500030AE7 /* Conti-Page.app */;
			productType = "com.apple.product-type.application";
		};
		D1F0F1031B0236D500030AE7 /* Conti-PageTests */ = {
			isa = PBXNativeTarget;
			buildConfigurationList = D1F0F1111B0236D500030AE7 /* Build configuration list for PBXNativeTarget "Conti-PageTests" */;
			buildPhases = (
				D1F0F1001B0236D500030AE7 /* Sources */,
				D1F0F1011B0236D500030AE7 /* Frameworks */,
				D1F0F1021B0236D500030AE7 /* Resources */,
			);
			buildRules = (
			);
			dependencies = (
				D1F0F1061B0236D500030AE7 /* PBXTargetDependency */,
			);
			name = "Conti-PageTests";
			productName = "Conti-PageTests";
			productReference = D1F0F1041B0236D500030AE7 /* Conti-PageTests.xctest */;
			productType = "com.apple.product-type.bundle.unit-test";
		};
/* End PBXNativeTarget section */

/* Begin PBXProject section */
		D1F0F0E01B0236D500030AE7 /* Project object */ = {
			isa = PBXProject;
			attributes = {
				LastUpgradeCheck = 0630;
				ORGANIZATIONNAME = Smartplace;
				TargetAttributes = {
					D1F0F0E71B0236D500030AE7 = {
						CreatedOnToolsVersion = 6.3;
					};
					D1F0F1031B0236D500030AE7 = {
						CreatedOnToolsVersion = 6.3;
						TestTargetID = D1F0F0E71B0236D500030AE7;
					};
				};
			};
			buildConfigurationList = D1F0F0E31B0236D500030AE7 /* Build configuration list for PBXProject "Conti-Page" */;
			compatibilityVersion = "Xcode 3.2";
			developmentRegion = English;
			hasScannedForEncodings = 0;
			knownRegions = (
				en,
				Base,
			);
			mainGroup = D1F0F0DF1B0236D500030AE7;
			productRefGroup = D1F0F0E91B0236D500030AE7 /* Products */;
			projectDirPath = "";
			projectRoot = "";
			targets = (
				D1F0F0E71B0236D500030AE7 /* Conti-Page */,
				D1F0F1031B0236D500030AE7 /* Conti-PageTests */,
			);
		};
/* End PBXProject section */

/* Begin PBXResourcesBuildPhase section */
		D1F0F0E61B0236D500030AE7 /* Resources */ = {
			isa = PBXResourcesBuildPhase;
			buildActionMask = 2147483647;
			files = (
				D1F0F0FA1B0236D500030AE7 /* Main.storyboard in Resources */,
				D1F0F11D1B02403100030AE7 /* Atlas.png in Resources */,
				D1F0F0FF1B0236D500030AE7 /* LaunchScreen.xib in Resources */,
				D1F0F11F1B02403100030AE7 /* LeonesNegros.png in Resources */,
				D1F0F11E1B02403100030AE7 /* Chivas.png in Resources */,
				D1F0F0FC1B0236D500030AE7 /* Images.xcassets in Resources */,
			);
			runOnlyForDeploymentPostprocessing = 0;
		};
		D1F0F1021B0236D500030AE7 /* Resources */ = {
			isa = PBXResourcesBuildPhase;
			buildActionMask = 2147483647;
			files = (
			);
			runOnlyForDeploymentPostprocessing = 0;
		};
/* End PBXResourcesBuildPhase section */

/* Begin PBXSourcesBuildPhase section */
		D1F0F0E41B0236D500030AE7 /* Sources */ = {
			isa = PBXSourcesBuildPhase;
			buildActionMask = 2147483647;
			files = (
				D1F0F0F11B0236D500030AE7 /* AppDelegate.m in Sources */,
				D1F0F0F41B0236D500030AE7 /* Conti_Page.xcdatamodeld in Sources */,
				D1F0F1221B02417A00030AE7 /* Declarations.m in Sources */,
				D1F0F1181B0237B600030AE7 /* IntroPages.m in Sources */,
				D1F0F0F71B0236D500030AE7 /* Start.m in Sources */,
				D1F0F0EE1B0236D500030AE7 /* main.m in Sources */,
			);
			runOnlyForDeploymentPostprocessing = 0;
		};
		D1F0F1001B0236D500030AE7 /* Sources */ = {
			isa = PBXSourcesBuildPhase;
			buildActionMask = 2147483647;
			files = (
				D1F0F10B1B0236D500030AE7 /* Conti_PageTests.m in Sources */,
			);
			runOnlyForDeploymentPostprocessing = 0;
		};
/* End PBXSourcesBuildPhase section */

/* Begin PBXTargetDependency section */
		D1F0F1061B0236D500030AE7 /* PBXTargetDependency */ = {
			isa = PBXTargetDependency;
			target = D1F0F0E71B0236D500030AE7 /* Conti-Page */;
			targetProxy = D1F0F1051B0236D500030AE7 /* PBXContainerItemProxy */;
		};
/* End PBXTargetDependency section */

/* Begin PBXVariantGroup section */
		D1F0F0F81B0236D500030AE7 /* Main.storyboard */ = {
			isa = PBXVariantGroup;
			children = (
				D1F0F0F91B0236D500030AE7 /* Base */,
			);
			name = Main.storyboard;
			sourceTree = "<group>";
		};
		D1F0F0FD1B0236D500030AE7 /* LaunchScreen.xib */ = {
			isa = PBXVariantGroup;
			children = (
				D1F0F0FE1B0236D500030AE7 /* Base */,
			);
			name = LaunchScreen.xib;
			sourceTree = "<group>";
		};
/* End PBXVariantGroup section */

/* Begin XCBuildConfiguration section */
		D1F0F10C1B0236D500030AE7 /* Debug */ = {
			isa = XCBuildConfiguration;
			buildSettings = {
				ALWAYS_SEARCH_USER_PATHS = NO;
				CLANG_CXX_LANGUAGE_STANDARD = "gnu++0x";
				CLANG_CXX_LIBRARY = "libc++";
				CLANG_ENABLE_MODULES = YES;
				CLANG_ENABLE_OBJC_ARC = YES;
				CLANG_WARN_BOOL_CONVERSION = YES;
				CLANG_WARN_CONSTANT_CONVERSION = YES;
				CLANG_WARN_DIRECT_OBJC_ISA_USAGE = YES_ERROR;
				CLANG_WARN_EMPTY_BODY = YES;
				CLANG_WARN_ENUM_CONVERSION = YES;
				CLANG_WARN_INT_CONVERSION = YES;
				CLANG_WARN_OBJC_ROOT_CLASS = YES_ERROR;
				CLANG_WARN_UNREACHABLE_CODE = YES;
				CLANG_WARN__DUPLICATE_METHOD_MATCH = YES;
				"CODE_SIGN_IDENTITY[sdk=iphoneos*]" = "iPhone Developer";
				COPY_PHASE_STRIP = NO;
				DEBUG_INFORMATION_FORMAT = "dwarf-with-dsym";
				ENABLE_STRICT_OBJC_MSGSEND = YES;
				GCC_C_LANGUAGE_STANDARD = gnu99;
				GCC_DYNAMIC_NO_PIC = NO;
				GCC_NO_COMMON_BLOCKS = YES;
				GCC_OPTIMIZATION_LEVEL = 0;
				GCC_PREPROCESSOR_DEFINITIONS = (
					"DEBUG=1",
					"$(inherited)",
				);
				GCC_SYMBOLS_PRIVATE_EXTERN = NO;
				GCC_WARN_64_TO_32_BIT_CONVERSION = YES;
				GCC_WARN_ABOUT_RETURN_TYPE = YES_ERROR;
				GCC_WARN_UNDECLARED_SELECTOR = YES;
				GCC_WARN_UNINITIALIZED_AUTOS = YES_AGGRESSIVE;
				GCC_WARN_UNUSED_FUNCTION = YES;
				GCC_WARN_UNUSED_VARIABLE = YES;
				IPHONEOS_DEPLOYMENT_TARGET = 8.3;
				MTL_ENABLE_DEBUG_INFO = YES;
				ONLY_ACTIVE_ARCH = YES;
				SDKROOT = iphoneos;
			};
			name = Debug;
		};
		D1F0F10D1B0236D500030AE7 /* Release */ = {
			isa = XCBuildConfiguration;
			buildSettings = {
				ALWAYS_SEARCH_USER_PATHS = NO;
				CLANG_CXX_LANGUAGE_STANDARD = "gnu++0x";
				CLANG_CXX_LIBRARY = "libc++";
				CLANG_ENABLE_MODULES = YES;
				CLANG_ENABLE_OBJC_ARC = YES;
				CLANG_WARN_BOOL_CONVERSION = YES;
				CLANG_WARN_CONSTANT_CONVERSION = YES;
				CLANG_WARN_DIRECT_OBJC_ISA_USAGE = YES_ERROR;
				CLANG_WARN_EMPTY_BODY = YES;
				CLANG_WARN_ENUM_CONVERSION = YES;
				CLANG_WARN_INT_CONVERSION = YES;
				CLANG_WARN_OBJC_ROOT_CLASS = YES_ERROR;
				CLANG_WARN_UNREACHABLE_CODE = YES;
				CLANG_WARN__DUPLICATE_METHOD_MATCH = YES;
				"CODE_SIGN_IDENTITY[sdk=iphoneos*]" = "iPhone Developer";
				COPY_PHASE_STRIP = NO;
				DEBUG_INFORMATION_FORMAT = "dwarf-with-dsym";
				ENABLE_NS_ASSERTIONS = NO;
				ENABLE_STRICT_OBJC_MSGSEND = YES;
				GCC_C_LANGUAGE_STANDARD = gnu99;
				GCC_NO_COMMON_BLOCKS = YES;
				GCC_WARN_64_TO_32_BIT_CONVERSION = YES;
				GCC_WARN_ABOUT_RETURN_TYPE = YES_ERROR;
				GCC_WARN_UNDECLARED_SELECTOR = YES;
				GCC_WARN_UNINITIALIZED_AUTOS = YES_AGGRESSIVE;
				GCC_WARN_UNUSED_FUNCTION = YES;
				GCC_WARN_UNUSED_VARIABLE = YES;
				IPHONEOS_DEPLOYMENT_TARGET = 8.3;
				MTL_ENABLE_DEBUG_INFO = NO;
				SDKROOT = iphoneos;
				VALIDATE_PRODUCT = YES;
			};
			name = Release;
		};
		D1F0F10F1B0236D500030AE7 /* Debug */ = {
			isa = XCBuildConfiguration;
			buildSettings = {
				ASSETCATALOG_COMPILER_APPICON_NAME = AppIcon;
				INFOPLIST_FILE = "Conti-Page/Info.plist";
				LD_RUNPATH_SEARCH_PATHS = "$(inherited) @executable_path/Frameworks";
				PRODUCT_NAME = "$(TARGET_NAME)";
			};
			name = Debug;
		};
		D1F0F1101B0236D500030AE7 /* Release */ = {
			isa = XCBuildConfiguration;
			buildSettings = {
				ASSETCATALOG_COMPILER_APPICON_NAME = AppIcon;
				INFOPLIST_FILE = "Conti-Page/Info.plist";
				LD_RUNPATH_SEARCH_PATHS = "$(inherited) @executable_path/Frameworks";
				PRODUCT_NAME = "$(TARGET_NAME)";
			};
			name = Release;
		};
		D1F0F1121B0236D500030AE7 /* Debug */ = {
			isa = XCBuildConfiguration;
			buildSettings = {
				BUNDLE_LOADER = "$(TEST_HOST)";
				FRAMEWORK_SEARCH_PATHS = (
					"$(SDKROOT)/Developer/Library/Frameworks",
					"$(inherited)",
				);
				GCC_PREPROCESSOR_DEFINITIONS = (
					"DEBUG=1",
					"$(inherited)",
				);
				INFOPLIST_FILE = "Conti-PageTests/Info.plist";
				LD_RUNPATH_SEARCH_PATHS = "$(inherited) @executable_path/Frameworks @loader_path/Frameworks";
				PRODUCT_NAME = "$(TARGET_NAME)";
				TEST_HOST = "$(BUILT_PRODUCTS_DIR)/Conti-Page.app/Conti-Page";
			};
			name = Debug;
		};
		D1F0F1131B0236D500030AE7 /* Release */ = {
			isa = XCBuildConfiguration;
			buildSettings = {
				BUNDLE_LOADER = "$(TEST_HOST)";
				FRAMEWORK_SEARCH_PATHS = (
					"$(SDKROOT)/Developer/Library/Frameworks",
					"$(inherited)",
				);
				INFOPLIST_FILE = "Conti-PageTests/Info.plist";
				LD_RUNPATH_SEARCH_PATHS = "$(inherited) @executable_path/Frameworks @loader_path/Frameworks";
				PRODUCT_NAME = "$(TARGET_NAME)";
				TEST_HOST = "$(BUILT_PRODUCTS_DIR)/Conti-Page.app/Conti-Page";
			};
			name = Release;
		};
/* End XCBuildConfiguration section */

/* Begin XCConfigurationList section */
		D1F0F0E31B0236D500030AE7 /* Build configuration list for PBXProject "Conti-Page" */ = {
			isa = XCConfigurationList;
			buildConfigurations = (
				D1F0F10C1B0236D500030AE7 /* Debug */,
				D1F0F10D1B0236D500030AE7 /* Release */,
			);
			defaultConfigurationIsVisible = 0;
			defaultConfigurationName = Release;
		};
		D1F0F10E1B0236D500030AE7 /* Build configuration list for PBXNativeTarget "Conti-Page" */ = {
			isa = XCConfigurationList;
			buildConfigurations = (
				D1F0F10F1B0236D500030AE7 /* Debug */,
				D1F0F1101B0236D500030AE7 /* Release */,
			);
			defaultConfigurationIsVisible = 0;
		};
		D1F0F1111B0236D500030AE7 /* Build configuration list for PBXNativeTarget "Conti-PageTests" */ = {
			isa = XCConfigurationList;
			buildConfigurations = (
				D1F0F1121B0236D500030AE7 /* Debug */,
				D1F0F1131B0236D500030AE7 /* Release */,
			);
			defaultConfigurationIsVisible = 0;
		};
/* End XCConfigurationList section */

/* Begin XCVersionGroup section */
		D1F0F0F21B0236D500030AE7 /* Conti_Page.xcdatamodeld */ = {
			isa = XCVersionGroup;
			children = (
				D1F0F0F31B0236D500030AE7 /* Conti_Page.xcdatamodel */,
			);
			currentVersion = D1F0F0F31B0236D500030AE7 /* Conti_Page.xcdatamodel */;
			path = Conti_Page.xcdatamodeld;
			sourceTree = "<group>";
			versionGroupType = wrapper.xcdatamodel;
		};
/* End XCVersionGroup section */
	};
	rootObject = D1F0F0E01B0236D500030AE7 /* Project object */;
}
